
Microsoft Visual Studio Solution File, Format Version 12.00
# Visual Studio Version 17
VisualStudioVersion = 17.7.34031.279
MinimumVisualStudioVersion = 10.0.40219.1
Project("{8BC9CEB8-8B4A-11D0-8D11-00A0C91BC942}") = "ЛР ОАиП №15", "ЛР ОАиП №15\ЛР ОАиП №15.vcxproj", "{9D584898-7C5C-4024-AA8C-B3A5DF057B6B}"
EndProject
Project("{8BC9CEB8-8B4A-11D0-8D11-00A0C91BC942}") = "ЛР ОАиП №15_2", "ЛР ОАиП №15_2\ЛР ОАиП №15_2.vcxproj", "{14993731-C609-4ED7-8FCA-0F00EB536A78}"
EndProject
Global
	GlobalSection(SolutionConfigurationPlatforms) = preSolution
		Debug|x64 = Debug|x64
		Debug|x86 = Debug|x86
		Release|x64 = Release|x64
		Release|x86 = Release|x86
	EndGlobalSection
	GlobalSection(ProjectConfigurationPlatforms) = postSolution
		{9D584898-7C5C-4024-AA8C-B3A5DF057B6B}.Debug|x64.ActiveCfg = Debug|x64
		{9D584898-7C5C-4024-AA8C-B3A5DF057B6B}.Debug|x64.Build.0 = Debug|x64
		{9D584898-7C5C-4024-AA8C-B3A5DF057B6B}.Debug|x86.ActiveCfg = Debug|Win32
		{9D584898-7C5C-4024-AA8C-B3A5DF057B6B}.Debug|x86.Build.0 = Debug|Win32
		{9D584898-7C5C-4024-AA8C-B3A5DF057B6B}.Release|x64.ActiveCfg = Release|x64
		{9D584898-7C5C-4024-AA8C-B3A5DF057B6B}.Release|x64.Build.0 = Release|x64
		{9D584898-7C5C-4024-AA8C-B3A5DF057B6B}.Release|x86.ActiveCfg = Release|Win32
		{9D584898-7C5C-4024-AA8C-B3A5DF057B6B}.Release|x86.Build.0 = Release|Win32
		{14993731-C609-4ED7-8FCA-0F00EB536A78}.Debug|x64.ActiveCfg = Debug|x64
		{14993731-C609-4ED7-8FCA-0F00EB536A78}.Debug|x64.Build.0 = Debug|x64
		{14993731-C609-4ED7-8FCA-0F00EB536A78}.Debug|x86.ActiveCfg = Debug|Win32
		{14993731-C609-4ED7-8FCA-0F00EB536A78}.Debug|x86.Build.0 = Debug|Win32
		{14993731-C609-4ED7-8FCA-0F00EB536A78}.Release|x64.ActiveCfg = Release|x64
		{14993731-C609-4ED7-8FCA-0F00EB536A78}.Release|x64.Build.0 = Release|x64
		{14993731-C609-4ED7-8FCA-0F00EB536A78}.Release|x86.ActiveCfg = Release|Win32
		{14993731-C609-4ED7-8FCA-0F00EB536A78}.Release|x86.Build.0 = Release|Win32
	EndGlobalSection
	GlobalSection(SolutionProperties) = preSolution
		HideSolutionNode = FALSE
	EndGlobalSection
	GlobalSection(ExtensibilityGlobals) = postSolution
		SolutionGuid = {4B64E808-AC50-4964-8AA2-580944EF0DFB}
	EndGlobalSection
EndGlobal
