
Microsoft Visual Studio Solution File, Format Version 12.00
# Visual Studio Version 17
VisualStudioVersion = 17.7.34031.279
MinimumVisualStudioVersion = 10.0.40219.1
Project("{8BC9CEB8-8B4A-11D0-8D11-00A0C91BC942}") = "L3-V6", "L3-V6\L3-V6.vcxproj", "{157431CB-2B11-4A2B-9CC7-6208905333F2}"
EndProject
Global
	GlobalSection(SolutionConfigurationPlatforms) = preSolution
		Debug|x64 = Debug|x64
		Debug|x86 = Debug|x86
		Release|x64 = Release|x64
		Release|x86 = Release|x86
	EndGlobalSection
	GlobalSection(ProjectConfigurationPlatforms) = postSolution
		{157431CB-2B11-4A2B-9CC7-6208905333F2}.Debug|x64.ActiveCfg = Debug|x64
		{157431CB-2B11-4A2B-9CC7-6208905333F2}.Debug|x64.Build.0 = Debug|x64
		{157431CB-2B11-4A2B-9CC7-6208905333F2}.Debug|x86.ActiveCfg = Debug|Win32
		{157431CB-2B11-4A2B-9CC7-6208905333F2}.Debug|x86.Build.0 = Debug|Win32
		{157431CB-2B11-4A2B-9CC7-6208905333F2}.Release|x64.ActiveCfg = Release|x64
		{157431CB-2B11-4A2B-9CC7-6208905333F2}.Release|x64.Build.0 = Release|x64
		{157431CB-2B11-4A2B-9CC7-6208905333F2}.Release|x86.ActiveCfg = Release|Win32
		{157431CB-2B11-4A2B-9CC7-6208905333F2}.Release|x86.Build.0 = Release|Win32
	EndGlobalSection
	GlobalSection(SolutionProperties) = preSolution
		HideSolutionNode = FALSE
	EndGlobalSection
	GlobalSection(ExtensibilityGlobals) = postSolution
		SolutionGuid = {A072DDE6-6042-42B7-92F0-B7AF3190E1B3}
	EndGlobalSection
EndGlobal
